
Microsoft Visual Studio Solution File, Format Version 11.00
# Visual C++ Express 2010
Project("{8BC9CEB8-8B4A-11D0-8D11-00A0C91BC942}") = "Layer", "Layer\Layer.vcxproj", "{41733A69-E031-4B6E-90B9-41999E96A6E0}"
EndProject
Global
	GlobalSection(SolutionConfigurationPlatforms) = preSolution
		Debug|Win32 = Debug|Win32
		Release|Win32 = Release|Win32
	EndGlobalSection
	GlobalSection(ProjectConfigurationPlatforms) = postSolution
		{41733A69-E031-4B6E-90B9-41999E96A6E0}.Debug|Win32.ActiveCfg = Debug|Win32
		{41733A69-E031-4B6E-90B9-41999E96A6E0}.Debug|Win32.Build.0 = Debug|Win32
		{41733A69-E031-4B6E-90B9-41999E96A6E0}.Release|Win32.ActiveCfg = Release|Win32
		{41733A69-E031-4B6E-90B9-41999E96A6E0}.Release|Win32.Build.0 = Release|Win32
	EndGlobalSection
	GlobalSection(SolutionProperties) = preSolution
		HideSolutionNode = FALSE
	EndGlobalSection
EndGlobal
